
Microsoft Visual Studio Solution File, Format Version 12.00
# Visual Studio Version 16
VisualStudioVersion = 16.0.30002.166
MinimumVisualStudioVersion = 10.0.40219.1
Project("{9A19103F-16F7-4668-BE54-9A1E7A4F7556}") = "CarRentalSystem.Domain", "CarRentalSystem.Domain\CarRentalSystem.Domain.csproj", "{411BEFEA-DB80-43FA-850A-C46B17A9961B}"
EndProject
Project("{FAE04EC0-301F-11D3-BF4B-00C04F79EFBC}") = "CarRentalSystem.Startup", "CarRentalSystem.Startup\CarRentalSystem.Startup.csproj", "{EFA39FC4-5CB7-4FFA-BAFD-FDE0D50F08CD}"
EndProject
Project("{FAE04EC0-301F-11D3-BF4B-00C04F79EFBC}") = "CarRentalSystem.Web", "CarRentalSystem.Web\CarRentalSystem.Web.csproj", "{3A41F706-21F9-4A63-8012-6F9439B31525}"
EndProject
Global
	GlobalSection(SolutionConfigurationPlatforms) = preSolution
		Debug|Any CPU = Debug|Any CPU
		Release|Any CPU = Release|Any CPU
	EndGlobalSection
	GlobalSection(ProjectConfigurationPlatforms) = postSolution
		{411BEFEA-DB80-43FA-850A-C46B17A9961B}.Debug|Any CPU.ActiveCfg = Debug|Any CPU
		{411BEFEA-DB80-43FA-850A-C46B17A9961B}.Debug|Any CPU.Build.0 = Debug|Any CPU
		{411BEFEA-DB80-43FA-850A-C46B17A9961B}.Release|Any CPU.ActiveCfg = Release|Any CPU
		{411BEFEA-DB80-43FA-850A-C46B17A9961B}.Release|Any CPU.Build.0 = Release|Any CPU
		{EFA39FC4-5CB7-4FFA-BAFD-FDE0D50F08CD}.Debug|Any CPU.ActiveCfg = Debug|Any CPU
		{EFA39FC4-5CB7-4FFA-BAFD-FDE0D50F08CD}.Debug|Any CPU.Build.0 = Debug|Any CPU
		{EFA39FC4-5CB7-4FFA-BAFD-FDE0D50F08CD}.Release|Any CPU.ActiveCfg = Release|Any CPU
		{EFA39FC4-5CB7-4FFA-BAFD-FDE0D50F08CD}.Release|Any CPU.Build.0 = Release|Any CPU
		{3A41F706-21F9-4A63-8012-6F9439B31525}.Debug|Any CPU.ActiveCfg = Debug|Any CPU
		{3A41F706-21F9-4A63-8012-6F9439B31525}.Debug|Any CPU.Build.0 = Debug|Any CPU
		{3A41F706-21F9-4A63-8012-6F9439B31525}.Release|Any CPU.ActiveCfg = Release|Any CPU
		{3A41F706-21F9-4A63-8012-6F9439B31525}.Release|Any CPU.Build.0 = Release|Any CPU
	EndGlobalSection
	GlobalSection(SolutionProperties) = preSolution
		HideSolutionNode = FALSE
	EndGlobalSection
	GlobalSection(ExtensibilityGlobals) = postSolution
		SolutionGuid = {82878243-AAFA-4D51-95AF-F11A99277730}
	EndGlobalSection
EndGlobal
